<?xml version="1.0" encoding="UTF-8" standalone="yes" ?>
<CodeBlocks_project_file>
	<FileVersion major="1" minor="6" />
	<Project>
		<Option title="ftdIO" />
		<Option pch_mode="2" />
		<Option compiler="gcc" />
		<Build>
			<Target title="Release">
				<Option output="bin/Release/ftdIO" prefix_auto="1" extension_auto="1" />
				<Option object_output="obj/Release/" />
				<Option type="1" />
				<Option compiler="gcc" />
				<Compiler>
					<Add option="-O2" />
					<Add directory="../../../FTDI_USB/libftdi1-1.0_devkit_mingw32_17Feb2013/include/libftdi1" />
				</Compiler>
				<Linker>
					<Add option="-s" />
					<Add library="D:\Users\jschamba\Documents\FTDI_USB\libftdi1-1.0_devkit_mingw32_17Feb2013\lib\libftdi1.a" />
					<Add library="D:\Users\jschamba\Documents\FTDI_USB\libftdi1-1.0_devkit_mingw32_17Feb2013\lib\libusb-1.0.a" />
				</Linker>
			</Target>
		</Build>
		<Compiler>
			<Add option="-Wall" />
			<Add option="-fexceptions" />
		</Compiler>
		<Unit filename="ftdIO.cc" />
		<Extensions>
			<code_completion />
			<envvars />
			<debugger />
			<lib_finder disable_auto="1" />
		</Extensions>
	</Project>
</CodeBlocks_project_file>
